
Microsoft Visual Studio Solution File, Format Version 12.00
# Visual Studio Version 17
VisualStudioVersion = 17.1.31911.260
MinimumVisualStudioVersion = 10.0.40219.1
Project("{9A19103F-16F7-4668-BE54-9A1E7A4F7556}") = "LoginMsalDemo", "LoginMsalDemo\LoginMsalDemo.csproj", "{34888DF3-878A-4240-A79F-42E15C94D8FC}"
EndProject
Project("{2150E333-8FDC-42A3-9474-1A3956D46DE8}") = "Libs", "Libs", "{880EE15A-50AC-4829-B58D-2F86A97C23F0}"
EndProject
Project("{9A19103F-16F7-4668-BE54-9A1E7A4F7556}") = "Shared", "Shared\Shared.csproj", "{CBBE8562-A3B7-416C-83CD-C58164A91450}"
EndProject
Project("{FAE04EC0-301F-11D3-BF4B-00C04F79EFBC}") = "LoginMsalNoneWctDemo", "LoginMsalNoneWctDemo\LoginMsalNoneWctDemo.csproj", "{43D19EF1-3B22-4D38-BCAC-3BE5DD2E464A}"
EndProject
Global
	GlobalSection(SolutionConfigurationPlatforms) = preSolution
		Debug|Any CPU = Debug|Any CPU
		Debug|arm64 = Debug|arm64
		Debug|x64 = Debug|x64
		Debug|x86 = Debug|x86
		Release|Any CPU = Release|Any CPU
		Release|arm64 = Release|arm64
		Release|x64 = Release|x64
		Release|x86 = Release|x86
	EndGlobalSection
	GlobalSection(ProjectConfigurationPlatforms) = postSolution
		{34888DF3-878A-4240-A79F-42E15C94D8FC}.Debug|Any CPU.ActiveCfg = Debug|x64
		{34888DF3-878A-4240-A79F-42E15C94D8FC}.Debug|Any CPU.Build.0 = Debug|x64
		{34888DF3-878A-4240-A79F-42E15C94D8FC}.Debug|Any CPU.Deploy.0 = Debug|x64
		{34888DF3-878A-4240-A79F-42E15C94D8FC}.Debug|arm64.ActiveCfg = Debug|arm64
		{34888DF3-878A-4240-A79F-42E15C94D8FC}.Debug|arm64.Build.0 = Debug|arm64
		{34888DF3-878A-4240-A79F-42E15C94D8FC}.Debug|arm64.Deploy.0 = Debug|arm64
		{34888DF3-878A-4240-A79F-42E15C94D8FC}.Debug|x64.ActiveCfg = Debug|x64
		{34888DF3-878A-4240-A79F-42E15C94D8FC}.Debug|x64.Build.0 = Debug|x64
		{34888DF3-878A-4240-A79F-42E15C94D8FC}.Debug|x64.Deploy.0 = Debug|x64
		{34888DF3-878A-4240-A79F-42E15C94D8FC}.Debug|x86.ActiveCfg = Debug|x86
		{34888DF3-878A-4240-A79F-42E15C94D8FC}.Debug|x86.Build.0 = Debug|x86
		{34888DF3-878A-4240-A79F-42E15C94D8FC}.Debug|x86.Deploy.0 = Debug|x86
		{34888DF3-878A-4240-A79F-42E15C94D8FC}.Release|Any CPU.ActiveCfg = Release|x64
		{34888DF3-878A-4240-A79F-42E15C94D8FC}.Release|Any CPU.Build.0 = Release|x64
		{34888DF3-878A-4240-A79F-42E15C94D8FC}.Release|Any CPU.Deploy.0 = Release|x64
		{34888DF3-878A-4240-A79F-42E15C94D8FC}.Release|arm64.ActiveCfg = Release|arm64
		{34888DF3-878A-4240-A79F-42E15C94D8FC}.Release|arm64.Build.0 = Release|arm64
		{34888DF3-878A-4240-A79F-42E15C94D8FC}.Release|arm64.Deploy.0 = Release|arm64
		{34888DF3-878A-4240-A79F-42E15C94D8FC}.Release|x64.ActiveCfg = Release|x64
		{34888DF3-878A-4240-A79F-42E15C94D8FC}.Release|x64.Build.0 = Release|x64
		{34888DF3-878A-4240-A79F-42E15C94D8FC}.Release|x64.Deploy.0 = Release|x64
		{34888DF3-878A-4240-A79F-42E15C94D8FC}.Release|x86.ActiveCfg = Release|x86
		{34888DF3-878A-4240-A79F-42E15C94D8FC}.Release|x86.Build.0 = Release|x86
		{34888DF3-878A-4240-A79F-42E15C94D8FC}.Release|x86.Deploy.0 = Release|x86
		{CBBE8562-A3B7-416C-83CD-C58164A91450}.Debug|Any CPU.ActiveCfg = Debug|Any CPU
		{CBBE8562-A3B7-416C-83CD-C58164A91450}.Debug|Any CPU.Build.0 = Debug|Any CPU
		{CBBE8562-A3B7-416C-83CD-C58164A91450}.Debug|arm64.ActiveCfg = Debug|Any CPU
		{CBBE8562-A3B7-416C-83CD-C58164A91450}.Debug|arm64.Build.0 = Debug|Any CPU
		{CBBE8562-A3B7-416C-83CD-C58164A91450}.Debug|x64.ActiveCfg = Debug|Any CPU
		{CBBE8562-A3B7-416C-83CD-C58164A91450}.Debug|x64.Build.0 = Debug|Any CPU
		{CBBE8562-A3B7-416C-83CD-C58164A91450}.Debug|x86.ActiveCfg = Debug|Any CPU
		{CBBE8562-A3B7-416C-83CD-C58164A91450}.Debug|x86.Build.0 = Debug|Any CPU
		{CBBE8562-A3B7-416C-83CD-C58164A91450}.Release|Any CPU.ActiveCfg = Release|Any CPU
		{CBBE8562-A3B7-416C-83CD-C58164A91450}.Release|Any CPU.Build.0 = Release|Any CPU
		{CBBE8562-A3B7-416C-83CD-C58164A91450}.Release|arm64.ActiveCfg = Release|Any CPU
		{CBBE8562-A3B7-416C-83CD-C58164A91450}.Release|arm64.Build.0 = Release|Any CPU
		{CBBE8562-A3B7-416C-83CD-C58164A91450}.Release|x64.ActiveCfg = Release|Any CPU
		{CBBE8562-A3B7-416C-83CD-C58164A91450}.Release|x64.Build.0 = Release|Any CPU
		{CBBE8562-A3B7-416C-83CD-C58164A91450}.Release|x86.ActiveCfg = Release|Any CPU
		{CBBE8562-A3B7-416C-83CD-C58164A91450}.Release|x86.Build.0 = Release|Any CPU
		{43D19EF1-3B22-4D38-BCAC-3BE5DD2E464A}.Debug|Any CPU.ActiveCfg = Debug|x64
		{43D19EF1-3B22-4D38-BCAC-3BE5DD2E464A}.Debug|Any CPU.Build.0 = Debug|x64
		{43D19EF1-3B22-4D38-BCAC-3BE5DD2E464A}.Debug|Any CPU.Deploy.0 = Debug|x64
		{43D19EF1-3B22-4D38-BCAC-3BE5DD2E464A}.Debug|arm64.ActiveCfg = Debug|arm64
		{43D19EF1-3B22-4D38-BCAC-3BE5DD2E464A}.Debug|arm64.Build.0 = Debug|arm64
		{43D19EF1-3B22-4D38-BCAC-3BE5DD2E464A}.Debug|arm64.Deploy.0 = Debug|arm64
		{43D19EF1-3B22-4D38-BCAC-3BE5DD2E464A}.Debug|x64.ActiveCfg = Debug|x64
		{43D19EF1-3B22-4D38-BCAC-3BE5DD2E464A}.Debug|x64.Build.0 = Debug|x64
		{43D19EF1-3B22-4D38-BCAC-3BE5DD2E464A}.Debug|x64.Deploy.0 = Debug|x64
		{43D19EF1-3B22-4D38-BCAC-3BE5DD2E464A}.Debug|x86.ActiveCfg = Debug|x86
		{43D19EF1-3B22-4D38-BCAC-3BE5DD2E464A}.Debug|x86.Build.0 = Debug|x86
		{43D19EF1-3B22-4D38-BCAC-3BE5DD2E464A}.Debug|x86.Deploy.0 = Debug|x86
		{43D19EF1-3B22-4D38-BCAC-3BE5DD2E464A}.Release|Any CPU.ActiveCfg = Release|x64
		{43D19EF1-3B22-4D38-BCAC-3BE5DD2E464A}.Release|Any CPU.Build.0 = Release|x64
		{43D19EF1-3B22-4D38-BCAC-3BE5DD2E464A}.Release|Any CPU.Deploy.0 = Release|x64
		{43D19EF1-3B22-4D38-BCAC-3BE5DD2E464A}.Release|arm64.ActiveCfg = Release|arm64
		{43D19EF1-3B22-4D38-BCAC-3BE5DD2E464A}.Release|arm64.Build.0 = Release|arm64
		{43D19EF1-3B22-4D38-BCAC-3BE5DD2E464A}.Release|arm64.Deploy.0 = Release|arm64
		{43D19EF1-3B22-4D38-BCAC-3BE5DD2E464A}.Release|x64.ActiveCfg = Release|x64
		{43D19EF1-3B22-4D38-BCAC-3BE5DD2E464A}.Release|x64.Build.0 = Release|x64
		{43D19EF1-3B22-4D38-BCAC-3BE5DD2E464A}.Release|x64.Deploy.0 = Release|x64
		{43D19EF1-3B22-4D38-BCAC-3BE5DD2E464A}.Release|x86.ActiveCfg = Release|x86
		{43D19EF1-3B22-4D38-BCAC-3BE5DD2E464A}.Release|x86.Build.0 = Release|x86
		{43D19EF1-3B22-4D38-BCAC-3BE5DD2E464A}.Release|x86.Deploy.0 = Release|x86
	EndGlobalSection
	GlobalSection(SolutionProperties) = preSolution
		HideSolutionNode = FALSE
	EndGlobalSection
	GlobalSection(NestedProjects) = preSolution
		{CBBE8562-A3B7-416C-83CD-C58164A91450} = {880EE15A-50AC-4829-B58D-2F86A97C23F0}
	EndGlobalSection
	GlobalSection(ExtensibilityGlobals) = postSolution
		SolutionGuid = {694120D2-552A-4A26-A363-0149FC2846B2}
	EndGlobalSection
EndGlobal
